
Microsoft Visual Studio Solution File, Format Version 12.00
# Visual Studio Version 17
VisualStudioVersion = 17.0.31903.59
MinimumVisualStudioVersion = 10.0.40219.1
Project("{FAE04EC0-301F-11D3-BF4B-00C04F79EFBC}") = "JiBen.Client", "JiBen.Client\JiBen.Client.csproj", "{81F61197-2F1C-43E0-86A0-B5CFE37903FB}"
EndProject
Project("{FAE04EC0-301F-11D3-BF4B-00C04F79EFBC}") = "JiBen.Server", "JiBen.Server\JiBen.Server.csproj", "{E6B7E63A-F372-4FC7-8740-03E0CCF4A902}"
EndProject
Project("{FAE04EC0-301F-11D3-BF4B-00C04F79EFBC}") = "JiBen.Server.Data", "JiBen.Server.Data\JiBen.Server.Data.csproj", "{48A3985D-F631-4471-BC34-F3F72F19541F}"
EndProject
Project("{2150E333-8FDC-42A3-9474-1A3956D46DE8}") = "Client", "Client", "{8DBF8520-E881-43BD-A824-7F10FC415B84}"
EndProject
Project("{2150E333-8FDC-42A3-9474-1A3956D46DE8}") = "Server", "Server", "{E7B4048A-BC12-465A-A79B-1F300B17F107}"
EndProject
Project("{2150E333-8FDC-42A3-9474-1A3956D46DE8}") = "Test", "Test", "{99546C4A-6384-404E-8C80-4C38C93BBAC9}"
EndProject
Project("{FAE04EC0-301F-11D3-BF4B-00C04F79EFBC}") = "JiBen.Server.Data.Test", "JiBen.Server.Data.Test\JiBen.Server.Data.Test.csproj", "{AC8B050A-F8F7-4903-857E-4F14837E6937}"
EndProject
Global
	GlobalSection(SolutionConfigurationPlatforms) = preSolution
		Debug|Any CPU = Debug|Any CPU
		Release|Any CPU = Release|Any CPU
	EndGlobalSection
	GlobalSection(SolutionProperties) = preSolution
		HideSolutionNode = FALSE
	EndGlobalSection
	GlobalSection(ProjectConfigurationPlatforms) = postSolution
		{81F61197-2F1C-43E0-86A0-B5CFE37903FB}.Debug|Any CPU.ActiveCfg = Debug|Any CPU
		{81F61197-2F1C-43E0-86A0-B5CFE37903FB}.Debug|Any CPU.Build.0 = Debug|Any CPU
		{81F61197-2F1C-43E0-86A0-B5CFE37903FB}.Release|Any CPU.ActiveCfg = Release|Any CPU
		{81F61197-2F1C-43E0-86A0-B5CFE37903FB}.Release|Any CPU.Build.0 = Release|Any CPU
		{E6B7E63A-F372-4FC7-8740-03E0CCF4A902}.Debug|Any CPU.ActiveCfg = Debug|Any CPU
		{E6B7E63A-F372-4FC7-8740-03E0CCF4A902}.Debug|Any CPU.Build.0 = Debug|Any CPU
		{E6B7E63A-F372-4FC7-8740-03E0CCF4A902}.Release|Any CPU.ActiveCfg = Release|Any CPU
		{E6B7E63A-F372-4FC7-8740-03E0CCF4A902}.Release|Any CPU.Build.0 = Release|Any CPU
		{48A3985D-F631-4471-BC34-F3F72F19541F}.Debug|Any CPU.ActiveCfg = Debug|Any CPU
		{48A3985D-F631-4471-BC34-F3F72F19541F}.Debug|Any CPU.Build.0 = Debug|Any CPU
		{48A3985D-F631-4471-BC34-F3F72F19541F}.Release|Any CPU.ActiveCfg = Release|Any CPU
		{48A3985D-F631-4471-BC34-F3F72F19541F}.Release|Any CPU.Build.0 = Release|Any CPU
		{AC8B050A-F8F7-4903-857E-4F14837E6937}.Debug|Any CPU.ActiveCfg = Debug|Any CPU
		{AC8B050A-F8F7-4903-857E-4F14837E6937}.Debug|Any CPU.Build.0 = Debug|Any CPU
		{AC8B050A-F8F7-4903-857E-4F14837E6937}.Release|Any CPU.ActiveCfg = Release|Any CPU
		{AC8B050A-F8F7-4903-857E-4F14837E6937}.Release|Any CPU.Build.0 = Release|Any CPU
	EndGlobalSection
	GlobalSection(NestedProjects) = preSolution
		{81F61197-2F1C-43E0-86A0-B5CFE37903FB} = {8DBF8520-E881-43BD-A824-7F10FC415B84}
		{E6B7E63A-F372-4FC7-8740-03E0CCF4A902} = {E7B4048A-BC12-465A-A79B-1F300B17F107}
		{48A3985D-F631-4471-BC34-F3F72F19541F} = {E7B4048A-BC12-465A-A79B-1F300B17F107}
		{AC8B050A-F8F7-4903-857E-4F14837E6937} = {99546C4A-6384-404E-8C80-4C38C93BBAC9}
	EndGlobalSection
EndGlobal
